// !$*UTF8*$!
{
	archiveVersion = 1;
	classes = {
	};
	objectVersion = 52;
	objects = {

/* Begin PBXBuildFile section */
		3C1CCBB125EAA5570016EF64 /* AppDelegate.swift in Sources */ = {isa = PBXBuildFile; fileRef = 3C1CCBB025EAA5570016EF64 /* AppDelegate.swift */; };
		3C1CCBB325EAA5570016EF64 /* SceneDelegate.swift in Sources */ = {isa = PBXBuildFile; fileRef = 3C1CCBB225EAA5570016EF64 /* SceneDelegate.swift */; };
		3C1CCBBD25EAA5570016EF64 /* LaunchScreen.storyboard in Resources */ = {isa = PBXBuildFile; fileRef = 3C1CCBBB25EAA5570016EF64 /* LaunchScreen.storyboard */; };
		3C1CCBC825EAA5580016EF64 /* SpotifyCloneTests.swift in Sources */ = {isa = PBXBuildFile; fileRef = 3C1CCBC725EAA5580016EF64 /* SpotifyCloneTests.swift */; };
		3C1CCBD325EAA5580016EF64 /* SpotifyCloneUITests.swift in Sources */ = {isa = PBXBuildFile; fileRef = 3C1CCBD225EAA5580016EF64 /* SpotifyCloneUITests.swift */; };
		3C1CCBEF25EAA97C0016EF64 /* Colors.xcassets in Resources */ = {isa = PBXBuildFile; fileRef = 3C1CCBEE25EAA97C0016EF64 /* Colors.xcassets */; };
		3C1CCC1725EAAA580016EF64 /* Images.xcassets in Resources */ = {isa = PBXBuildFile; fileRef = 3C1CCC1625EAAA580016EF64 /* Images.xcassets */; };
		3C1CCC1E25EAAC2A0016EF64 /* TabBarViewController.swift in Sources */ = {isa = PBXBuildFile; fileRef = 3C1CCC1D25EAAC2A0016EF64 /* TabBarViewController.swift */; };
		3C1CCC2A25EAB05A0016EF64 /* HomeViewController.swift in Sources */ = {isa = PBXBuildFile; fileRef = 3C1CCC2925EAB05A0016EF64 /* HomeViewController.swift */; };
		3C1CCC2F25EAB07B0016EF64 /* SearchViewController.swift in Sources */ = {isa = PBXBuildFile; fileRef = 3C1CCC2E25EAB07B0016EF64 /* SearchViewController.swift */; };
		3C1CCC3425EAB0850016EF64 /* LibraryViewController.swift in Sources */ = {isa = PBXBuildFile; fileRef = 3C1CCC3325EAB0850016EF64 /* LibraryViewController.swift */; };
		3C1CCC3A25EAB2580016EF64 /* Client.swift in Sources */ = {isa = PBXBuildFile; fileRef = 3C1CCC3925EAB2580016EF64 /* Client.swift */; };
		3C1CCC4225EAB2610016EF64 /* API.swift in Sources */ = {isa = PBXBuildFile; fileRef = 3C1CCC4125EAB2610016EF64 /* API.swift */; };
		3C1CCC4725EAB26E0016EF64 /* Endpoint.swift in Sources */ = {isa = PBXBuildFile; fileRef = 3C1CCC4625EAB26E0016EF64 /* Endpoint.swift */; };
		3C364E6E25FFE87300CD4B60 /* AuthManager.swift in Sources */ = {isa = PBXBuildFile; fileRef = 3C364E6D25FFE87300CD4B60 /* AuthManager.swift */; };
		3C364E7325FFE88100CD4B60 /* UserDefaultsManager.swift in Sources */ = {isa = PBXBuildFile; fileRef = 3C364E7225FFE88100CD4B60 /* UserDefaultsManager.swift */; };
		3C364EA725FFED0E00CD4B60 /* WelcomeViewController.swift in Sources */ = {isa = PBXBuildFile; fileRef = 3C364EA625FFED0E00CD4B60 /* WelcomeViewController.swift */; };
		3CA9FFCC25EC3AC300264E35 /* SnapKit in Frameworks */ = {isa = PBXBuildFile; productRef = 3CA9FFCB25EC3AC300264E35 /* SnapKit */; };
		3CA9FFD225EC3B2600264E35 /* Kingfisher in Frameworks */ = {isa = PBXBuildFile; productRef = 3CA9FFD125EC3B2600264E35 /* Kingfisher */; };
/* End PBXBuildFile section */

/* Begin PBXContainerItemProxy section */
		3C1CCBC425EAA5580016EF64 /* PBXContainerItemProxy */ = {
			isa = PBXContainerItemProxy;
			containerPortal = 3C1CCBA525EAA5570016EF64 /* Project object */;
			proxyType = 1;
			remoteGlobalIDString = 3C1CCBAC25EAA5570016EF64;
			remoteInfo = SpotifyClone;
		};
		3C1CCBCF25EAA5580016EF64 /* PBXContainerItemProxy */ = {
			isa = PBXContainerItemProxy;
			containerPortal = 3C1CCBA525EAA5570016EF64 /* Project object */;
			proxyType = 1;
			remoteGlobalIDString = 3C1CCBAC25EAA5570016EF64;
			remoteInfo = SpotifyClone;
		};
/* End PBXContainerItemProxy section */

/* Begin PBXFileReference section */
		3C1CCBAD25EAA5570016EF64 /* SpotifyClone.app */ = {isa = PBXFileReference; explicitFileType = wrapper.application; includeInIndex = 0; path = SpotifyClone.app; sourceTree = BUILT_PRODUCTS_DIR; };
		3C1CCBB025EAA5570016EF64 /* AppDelegate.swift */ = {isa = PBXFileReference; lastKnownFileType = sourcecode.swift; path = AppDelegate.swift; sourceTree = "<group>"; };
		3C1CCBB225EAA5570016EF64 /* SceneDelegate.swift */ = {isa = PBXFileReference; lastKnownFileType = sourcecode.swift; path = SceneDelegate.swift; sourceTree = "<group>"; };
		3C1CCBBC25EAA5570016EF64 /* Base */ = {isa = PBXFileReference; lastKnownFileType = file.storyboard; name = Base; path = Base.lproj/LaunchScreen.storyboard; sourceTree = "<group>"; };
		3C1CCBBE25EAA5570016EF64 /* Info.plist */ = {isa = PBXFileReference; lastKnownFileType = text.plist.xml; path = Info.plist; sourceTree = "<group>"; };
		3C1CCBC325EAA5580016EF64 /* SpotifyCloneTests.xctest */ = {isa = PBXFileReference; explicitFileType = wrapper.cfbundle; includeInIndex = 0; path = SpotifyCloneTests.xctest; sourceTree = BUILT_PRODUCTS_DIR; };
		3C1CCBC725EAA5580016EF64 /* SpotifyCloneTests.swift */ = {isa = PBXFileReference; lastKnownFileType = sourcecode.swift; path = SpotifyCloneTests.swift; sourceTree = "<group>"; };
		3C1CCBC925EAA5580016EF64 /* Info.plist */ = {isa = PBXFileReference; lastKnownFileType = text.plist.xml; path = Info.plist; sourceTree = "<group>"; };
		3C1CCBCE25EAA5580016EF64 /* SpotifyCloneUITests.xctest */ = {isa = PBXFileReference; explicitFileType = wrapper.cfbundle; includeInIndex = 0; path = SpotifyCloneUITests.xctest; sourceTree = BUILT_PRODUCTS_DIR; };
		3C1CCBD225EAA5580016EF64 /* SpotifyCloneUITests.swift */ = {isa = PBXFileReference; lastKnownFileType = sourcecode.swift; path = SpotifyCloneUITests.swift; sourceTree = "<group>"; };
		3C1CCBD425EAA5580016EF64 /* Info.plist */ = {isa = PBXFileReference; lastKnownFileType = text.plist.xml; path = Info.plist; sourceTree = "<group>"; };
		3C1CCBEE25EAA97C0016EF64 /* Colors.xcassets */ = {isa = PBXFileReference; lastKnownFileType = folder.assetcatalog; path = Colors.xcassets; sourceTree = "<group>"; };
		3C1CCC1625EAAA580016EF64 /* Images.xcassets */ = {isa = PBXFileReference; lastKnownFileType = folder.assetcatalog; path = Images.xcassets; sourceTree = "<group>"; };
		3C1CCC1D25EAAC2A0016EF64 /* TabBarViewController.swift */ = {isa = PBXFileReference; lastKnownFileType = sourcecode.swift; path = TabBarViewController.swift; sourceTree = "<group>"; };
		3C1CCC2925EAB05A0016EF64 /* HomeViewController.swift */ = {isa = PBXFileReference; lastKnownFileType = sourcecode.swift; path = HomeViewController.swift; sourceTree = "<group>"; };
		3C1CCC2E25EAB07B0016EF64 /* SearchViewController.swift */ = {isa = PBXFileReference; lastKnownFileType = sourcecode.swift; path = SearchViewController.swift; sourceTree = "<group>"; };
		3C1CCC3325EAB0850016EF64 /* LibraryViewController.swift */ = {isa = PBXFileReference; lastKnownFileType = sourcecode.swift; path = LibraryViewController.swift; sourceTree = "<group>"; };
		3C1CCC3925EAB2580016EF64 /* Client.swift */ = {isa = PBXFileReference; lastKnownFileType = sourcecode.swift; path = Client.swift; sourceTree = "<group>"; };
		3C1CCC4125EAB2610016EF64 /* API.swift */ = {isa = PBXFileReference; lastKnownFileType = sourcecode.swift; path = API.swift; sourceTree = "<group>"; };
		3C1CCC4625EAB26E0016EF64 /* Endpoint.swift */ = {isa = PBXFileReference; lastKnownFileType = sourcecode.swift; path = Endpoint.swift; sourceTree = "<group>"; };
		3C364E6D25FFE87300CD4B60 /* AuthManager.swift */ = {isa = PBXFileReference; lastKnownFileType = sourcecode.swift; path = AuthManager.swift; sourceTree = "<group>"; };
		3C364E7225FFE88100CD4B60 /* UserDefaultsManager.swift */ = {isa = PBXFileReference; lastKnownFileType = sourcecode.swift; path = UserDefaultsManager.swift; sourceTree = "<group>"; };
		3C364EA625FFED0E00CD4B60 /* WelcomeViewController.swift */ = {isa = PBXFileReference; lastKnownFileType = sourcecode.swift; path = WelcomeViewController.swift; sourceTree = "<group>"; };
/* End PBXFileReference section */

/* Begin PBXFrameworksBuildPhase section */
		3C1CCBAA25EAA5570016EF64 /* Frameworks */ = {
			isa = PBXFrameworksBuildPhase;
			buildActionMask = 2147483647;
			files = (
				3CA9FFD225EC3B2600264E35 /* Kingfisher in Frameworks */,
				3CA9FFCC25EC3AC300264E35 /* SnapKit in Frameworks */,
			);
			runOnlyForDeploymentPostprocessing = 0;
		};
		3C1CCBC025EAA5580016EF64 /* Frameworks */ = {
			isa = PBXFrameworksBuildPhase;
			buildActionMask = 2147483647;
			files = (
			);
			runOnlyForDeploymentPostprocessing = 0;
		};
		3C1CCBCB25EAA5580016EF64 /* Frameworks */ = {
			isa = PBXFrameworksBuildPhase;
			buildActionMask = 2147483647;
			files = (
			);
			runOnlyForDeploymentPostprocessing = 0;
		};
/* End PBXFrameworksBuildPhase section */

/* Begin PBXGroup section */
		3C1CCBA425EAA5570016EF64 = {
			isa = PBXGroup;
			children = (
				3C1CCBAF25EAA5570016EF64 /* SpotifyClone */,
				3C1CCBC625EAA5580016EF64 /* SpotifyCloneTests */,
				3C1CCBD125EAA5580016EF64 /* SpotifyCloneUITests */,
				3C1CCBAE25EAA5570016EF64 /* Products */,
			);
			sourceTree = "<group>";
		};
		3C1CCBAE25EAA5570016EF64 /* Products */ = {
			isa = PBXGroup;
			children = (
				3C1CCBAD25EAA5570016EF64 /* SpotifyClone.app */,
				3C1CCBC325EAA5580016EF64 /* SpotifyCloneTests.xctest */,
				3C1CCBCE25EAA5580016EF64 /* SpotifyCloneUITests.xctest */,
			);
			name = Products;
			sourceTree = "<group>";
		};
		3C1CCBAF25EAA5570016EF64 /* SpotifyClone */ = {
			isa = PBXGroup;
			children = (
				3C1CCBEA25EAA9220016EF64 /* Extensions */,
				3C1CCBE625EAA8E40016EF64 /* Features */,
				3C364EA425FFEAE800CD4B60 /* Flows */,
				3C1CCBE925EAA91B0016EF64 /* Managers */,
				3C1CCBE725EAA9090016EF64 /* Models */,
				3C1CCBED25EAA95A0016EF64 /* Resources */,
				3C364E5F25FFE54600CD4B60 /* Startups */,
				3C1CCBEB25EAA9270016EF64 /* Stores */,
				3C364E6325FFE60200CD4B60 /* Utils */,
				3C364E6725FFE72F00CD4B60 /* Views */,
			);
			path = SpotifyClone;
			sourceTree = "<group>";
		};
		3C1CCBC625EAA5580016EF64 /* SpotifyCloneTests */ = {
			isa = PBXGroup;
			children = (
				3C1CCBC725EAA5580016EF64 /* SpotifyCloneTests.swift */,
				3C1CCBC925EAA5580016EF64 /* Info.plist */,
			);
			path = SpotifyCloneTests;
			sourceTree = "<group>";
		};
		3C1CCBD125EAA5580016EF64 /* SpotifyCloneUITests */ = {
			isa = PBXGroup;
			children = (
				3C1CCBD225EAA5580016EF64 /* SpotifyCloneUITests.swift */,
				3C1CCBD425EAA5580016EF64 /* Info.plist */,
			);
			path = SpotifyCloneUITests;
			sourceTree = "<group>";
		};
		3C1CCBE625EAA8E40016EF64 /* Features */ = {
			isa = PBXGroup;
			children = (
				3C1CCC1C25EAABD40016EF64 /* Core */,
				3C1CCC2525EAAC340016EF64 /* Others */,
			);
			path = Features;
			sourceTree = "<group>";
		};
		3C1CCBE725EAA9090016EF64 /* Models */ = {
			isa = PBXGroup;
			children = (
			);
			path = Models;
			sourceTree = "<group>";
		};
		3C1CCBE925EAA91B0016EF64 /* Managers */ = {
			isa = PBXGroup;
			children = (
				3C1CCC3825EAB24C0016EF64 /* Networking */,
				3C364E6D25FFE87300CD4B60 /* AuthManager.swift */,
				3C364E7225FFE88100CD4B60 /* UserDefaultsManager.swift */,
			);
			path = Managers;
			sourceTree = "<group>";
		};
		3C1CCBEA25EAA9220016EF64 /* Extensions */ = {
			isa = PBXGroup;
			children = (
			);
			path = Extensions;
			sourceTree = "<group>";
		};
		3C1CCBEB25EAA9270016EF64 /* Stores */ = {
			isa = PBXGroup;
			children = (
			);
			path = Stores;
			sourceTree = "<group>";
		};
		3C1CCBED25EAA95A0016EF64 /* Resources */ = {
			isa = PBXGroup;
			children = (
				3C1CCBEE25EAA97C0016EF64 /* Colors.xcassets */,
				3C1CCC1625EAAA580016EF64 /* Images.xcassets */,
				3C1CCBBE25EAA5570016EF64 /* Info.plist */,
				3C1CCBBB25EAA5570016EF64 /* LaunchScreen.storyboard */,
			);
			path = Resources;
			sourceTree = "<group>";
		};
		3C1CCC1C25EAABD40016EF64 /* Core */ = {
			isa = PBXGroup;
			children = (
				3C364E6425FFE6EF00CD4B60 /* Home */,
				3C364E6625FFE6FA00CD4B60 /* Library */,
				3C364E6525FFE6F400CD4B60 /* Search */,
				3C1CCC1D25EAAC2A0016EF64 /* TabBarViewController.swift */,
			);
			path = Core;
			sourceTree = "<group>";
		};
		3C1CCC2525EAAC340016EF64 /* Others */ = {
			isa = PBXGroup;
			children = (
				3C364EA525FFECFE00CD4B60 /* Welcome */,
			);
			path = Others;
			sourceTree = "<group>";
		};
		3C1CCC3825EAB24C0016EF64 /* Networking */ = {
			isa = PBXGroup;
			children = (
				3C1CCC4B25EAB2A70016EF64 /* API */,
				3C1CCC3925EAB2580016EF64 /* Client.swift */,
				3C1CCC4625EAB26E0016EF64 /* Endpoint.swift */,
			);
			path = Networking;
			sourceTree = "<group>";
		};
		3C1CCC4B25EAB2A70016EF64 /* API */ = {
			isa = PBXGroup;
			children = (
				3C1CCC4125EAB2610016EF64 /* API.swift */,
			);
			path = API;
			sourceTree = "<group>";
		};
		3C364E5F25FFE54600CD4B60 /* Startups */ = {
			isa = PBXGroup;
			children = (
				3C1CCBB025EAA5570016EF64 /* AppDelegate.swift */,
				3C1CCBB225EAA5570016EF64 /* SceneDelegate.swift */,
			);
			path = Startups;
			sourceTree = "<group>";
		};
		3C364E6325FFE60200CD4B60 /* Utils */ = {
			isa = PBXGroup;
			children = (
			);
			path = Utils;
			sourceTree = "<group>";
		};
		3C364E6425FFE6EF00CD4B60 /* Home */ = {
			isa = PBXGroup;
			children = (
				3C1CCC2925EAB05A0016EF64 /* HomeViewController.swift */,
			);
			path = Home;
			sourceTree = "<group>";
		};
		3C364E6525FFE6F400CD4B60 /* Search */ = {
			isa = PBXGroup;
			children = (
				3C1CCC2E25EAB07B0016EF64 /* SearchViewController.swift */,
			);
			path = Search;
			sourceTree = "<group>";
		};
		3C364E6625FFE6FA00CD4B60 /* Library */ = {
			isa = PBXGroup;
			children = (
				3C1CCC3325EAB0850016EF64 /* LibraryViewController.swift */,
			);
			path = Library;
			sourceTree = "<group>";
		};
		3C364E6725FFE72F00CD4B60 /* Views */ = {
			isa = PBXGroup;
			children = (
				3C364E6925FFE73B00CD4B60 /* Custom */,
				3C364E6825FFE73300CD4B60 /* Shared */,
			);
			path = Views;
			sourceTree = "<group>";
		};
		3C364E6825FFE73300CD4B60 /* Shared */ = {
			isa = PBXGroup;
			children = (
			);
			path = Shared;
			sourceTree = "<group>";
		};
		3C364E6925FFE73B00CD4B60 /* Custom */ = {
			isa = PBXGroup;
			children = (
			);
			path = Custom;
			sourceTree = "<group>";
		};
		3C364EA425FFEAE800CD4B60 /* Flows */ = {
			isa = PBXGroup;
			children = (
			);
			path = Flows;
			sourceTree = "<group>";
		};
		3C364EA525FFECFE00CD4B60 /* Welcome */ = {
			isa = PBXGroup;
			children = (
				3C364EA625FFED0E00CD4B60 /* WelcomeViewController.swift */,
			);
			path = Welcome;
			sourceTree = "<group>";
		};
/* End PBXGroup section */

/* Begin PBXNativeTarget section */
		3C1CCBAC25EAA5570016EF64 /* SpotifyClone */ = {
			isa = PBXNativeTarget;
			buildConfigurationList = 3C1CCBD725EAA5580016EF64 /* Build configuration list for PBXNativeTarget "SpotifyClone" */;
			buildPhases = (
				3C1CCBA925EAA5570016EF64 /* Sources */,
				3C1CCBAA25EAA5570016EF64 /* Frameworks */,
				3C1CCBAB25EAA5570016EF64 /* Resources */,
			);
			buildRules = (
			);
			dependencies = (
			);
			name = SpotifyClone;
			packageProductDependencies = (
				3CA9FFCB25EC3AC300264E35 /* SnapKit */,
				3CA9FFD125EC3B2600264E35 /* Kingfisher */,
			);
			productName = SpotifyClone;
			productReference = 3C1CCBAD25EAA5570016EF64 /* SpotifyClone.app */;
			productType = "com.apple.product-type.application";
		};
		3C1CCBC225EAA5580016EF64 /* SpotifyCloneTests */ = {
			isa = PBXNativeTarget;
			buildConfigurationList = 3C1CCBDA25EAA5580016EF64 /* Build configuration list for PBXNativeTarget "SpotifyCloneTests" */;
			buildPhases = (
				3C1CCBBF25EAA5580016EF64 /* Sources */,
				3C1CCBC025EAA5580016EF64 /* Frameworks */,
				3C1CCBC125EAA5580016EF64 /* Resources */,
			);
			buildRules = (
			);
			dependencies = (
				3C1CCBC525EAA5580016EF64 /* PBXTargetDependency */,
			);
			name = SpotifyCloneTests;
			productName = SpotifyCloneTests;
			productReference = 3C1CCBC325EAA5580016EF64 /* SpotifyCloneTests.xctest */;
			productType = "com.apple.product-type.bundle.unit-test";
		};
		3C1CCBCD25EAA5580016EF64 /* SpotifyCloneUITests */ = {
			isa = PBXNativeTarget;
			buildConfigurationList = 3C1CCBDD25EAA5580016EF64 /* Build configuration list for PBXNativeTarget "SpotifyCloneUITests" */;
			buildPhases = (
				3C1CCBCA25EAA5580016EF64 /* Sources */,
				3C1CCBCB25EAA5580016EF64 /* Frameworks */,
				3C1CCBCC25EAA5580016EF64 /* Resources */,
			);
			buildRules = (
			);
			dependencies = (
				3C1CCBD025EAA5580016EF64 /* PBXTargetDependency */,
			);
			name = SpotifyCloneUITests;
			productName = SpotifyCloneUITests;
			productReference = 3C1CCBCE25EAA5580016EF64 /* SpotifyCloneUITests.xctest */;
			productType = "com.apple.product-type.bundle.ui-testing";
		};
/* End PBXNativeTarget section */

/* Begin PBXProject section */
		3C1CCBA525EAA5570016EF64 /* Project object */ = {
			isa = PBXProject;
			attributes = {
				LastSwiftUpdateCheck = 1240;
				LastUpgradeCheck = 1240;
				TargetAttributes = {
					3C1CCBAC25EAA5570016EF64 = {
						CreatedOnToolsVersion = 12.4;
					};
					3C1CCBC225EAA5580016EF64 = {
						CreatedOnToolsVersion = 12.4;
						TestTargetID = 3C1CCBAC25EAA5570016EF64;
					};
					3C1CCBCD25EAA5580016EF64 = {
						CreatedOnToolsVersion = 12.4;
						TestTargetID = 3C1CCBAC25EAA5570016EF64;
					};
				};
			};
			buildConfigurationList = 3C1CCBA825EAA5570016EF64 /* Build configuration list for PBXProject "SpotifyClone" */;
			compatibilityVersion = "Xcode 9.3";
			developmentRegion = en;
			hasScannedForEncodings = 0;
			knownRegions = (
				en,
				Base,
			);
			mainGroup = 3C1CCBA425EAA5570016EF64;
			packageReferences = (
				3CA9FFCA25EC3AC300264E35 /* XCRemoteSwiftPackageReference "SnapKit" */,
				3CA9FFD025EC3B2600264E35 /* XCRemoteSwiftPackageReference "Kingfisher" */,
			);
			productRefGroup = 3C1CCBAE25EAA5570016EF64 /* Products */;
			projectDirPath = "";
			projectRoot = "";
			targets = (
				3C1CCBAC25EAA5570016EF64 /* SpotifyClone */,
				3C1CCBC225EAA5580016EF64 /* SpotifyCloneTests */,
				3C1CCBCD25EAA5580016EF64 /* SpotifyCloneUITests */,
			);
		};
/* End PBXProject section */

/* Begin PBXResourcesBuildPhase section */
		3C1CCBAB25EAA5570016EF64 /* Resources */ = {
			isa = PBXResourcesBuildPhase;
			buildActionMask = 2147483647;
			files = (
				3C1CCC1725EAAA580016EF64 /* Images.xcassets in Resources */,
				3C1CCBEF25EAA97C0016EF64 /* Colors.xcassets in Resources */,
				3C1CCBBD25EAA5570016EF64 /* LaunchScreen.storyboard in Resources */,
			);
			runOnlyForDeploymentPostprocessing = 0;
		};
		3C1CCBC125EAA5580016EF64 /* Resources */ = {
			isa = PBXResourcesBuildPhase;
			buildActionMask = 2147483647;
			files = (
			);
			runOnlyForDeploymentPostprocessing = 0;
		};
		3C1CCBCC25EAA5580016EF64 /* Resources */ = {
			isa = PBXResourcesBuildPhase;
			buildActionMask = 2147483647;
			files = (
			);
			runOnlyForDeploymentPostprocessing = 0;
		};
/* End PBXResourcesBuildPhase section */

/* Begin PBXSourcesBuildPhase section */
		3C1CCBA925EAA5570016EF64 /* Sources */ = {
			isa = PBXSourcesBuildPhase;
			buildActionMask = 2147483647;
			files = (
				3C1CCC2F25EAB07B0016EF64 /* SearchViewController.swift in Sources */,
				3C1CCC4725EAB26E0016EF64 /* Endpoint.swift in Sources */,
				3C1CCC3A25EAB2580016EF64 /* Client.swift in Sources */,
				3C1CCC1E25EAAC2A0016EF64 /* TabBarViewController.swift in Sources */,
				3C364E7325FFE88100CD4B60 /* UserDefaultsManager.swift in Sources */,
				3C1CCBB125EAA5570016EF64 /* AppDelegate.swift in Sources */,
				3C1CCBB325EAA5570016EF64 /* SceneDelegate.swift in Sources */,
				3C1CCC3425EAB0850016EF64 /* LibraryViewController.swift in Sources */,
				3C1CCC4225EAB2610016EF64 /* API.swift in Sources */,
				3C364EA725FFED0E00CD4B60 /* WelcomeViewController.swift in Sources */,
				3C1CCC2A25EAB05A0016EF64 /* HomeViewController.swift in Sources */,
				3C364E6E25FFE87300CD4B60 /* AuthManager.swift in Sources */,
			);
			runOnlyForDeploymentPostprocessing = 0;
		};
		3C1CCBBF25EAA5580016EF64 /* Sources */ = {
			isa = PBXSourcesBuildPhase;
			buildActionMask = 2147483647;
			files = (
				3C1CCBC825EAA5580016EF64 /* SpotifyCloneTests.swift in Sources */,
			);
			runOnlyForDeploymentPostprocessing = 0;
		};
		3C1CCBCA25EAA5580016EF64 /* Sources */ = {
			isa = PBXSourcesBuildPhase;
			buildActionMask = 2147483647;
			files = (
				3C1CCBD325EAA5580016EF64 /* SpotifyCloneUITests.swift in Sources */,
			);
			runOnlyForDeploymentPostprocessing = 0;
		};
/* End PBXSourcesBuildPhase section */

/* Begin PBXTargetDependency section */
		3C1CCBC525EAA5580016EF64 /* PBXTargetDependency */ = {
			isa = PBXTargetDependency;
			target = 3C1CCBAC25EAA5570016EF64 /* SpotifyClone */;
			targetProxy = 3C1CCBC425EAA5580016EF64 /* PBXContainerItemProxy */;
		};
		3C1CCBD025EAA5580016EF64 /* PBXTargetDependency */ = {
			isa = PBXTargetDependency;
			target = 3C1CCBAC25EAA5570016EF64 /* SpotifyClone */;
			targetProxy = 3C1CCBCF25EAA5580016EF64 /* PBXContainerItemProxy */;
		};
/* End PBXTargetDependency section */

/* Begin PBXVariantGroup section */
		3C1CCBBB25EAA5570016EF64 /* LaunchScreen.storyboard */ = {
			isa = PBXVariantGroup;
			children = (
				3C1CCBBC25EAA5570016EF64 /* Base */,
			);
			name = LaunchScreen.storyboard;
			sourceTree = "<group>";
		};
/* End PBXVariantGroup section */

/* Begin XCBuildConfiguration section */
		3C1CCBD525EAA5580016EF64 /* Debug */ = {
			isa = XCBuildConfiguration;
			buildSettings = {
				ALWAYS_SEARCH_USER_PATHS = NO;
				CLANG_ANALYZER_NONNULL = YES;
				CLANG_ANALYZER_NUMBER_OBJECT_CONVERSION = YES_AGGRESSIVE;
				CLANG_CXX_LANGUAGE_STANDARD = "gnu++14";
				CLANG_CXX_LIBRARY = "libc++";
				CLANG_ENABLE_MODULES = YES;
				CLANG_ENABLE_OBJC_ARC = YES;
				CLANG_ENABLE_OBJC_WEAK = YES;
				CLANG_WARN_BLOCK_CAPTURE_AUTORELEASING = YES;
				CLANG_WARN_BOOL_CONVERSION = YES;
				CLANG_WARN_COMMA = YES;
				CLANG_WARN_CONSTANT_CONVERSION = YES;
				CLANG_WARN_DEPRECATED_OBJC_IMPLEMENTATIONS = YES;
				CLANG_WARN_DIRECT_OBJC_ISA_USAGE = YES_ERROR;
				CLANG_WARN_DOCUMENTATION_COMMENTS = YES;
				CLANG_WARN_EMPTY_BODY = YES;
				CLANG_WARN_ENUM_CONVERSION = YES;
				CLANG_WARN_INFINITE_RECURSION = YES;
				CLANG_WARN_INT_CONVERSION = YES;
				CLANG_WARN_NON_LITERAL_NULL_CONVERSION = YES;
				CLANG_WARN_OBJC_IMPLICIT_RETAIN_SELF = YES;
				CLANG_WARN_OBJC_LITERAL_CONVERSION = YES;
				CLANG_WARN_OBJC_ROOT_CLASS = YES_ERROR;
				CLANG_WARN_QUOTED_INCLUDE_IN_FRAMEWORK_HEADER = YES;
				CLANG_WARN_RANGE_LOOP_ANALYSIS = YES;
				CLANG_WARN_STRICT_PROTOTYPES = YES;
				CLANG_WARN_SUSPICIOUS_MOVE = YES;
				CLANG_WARN_UNGUARDED_AVAILABILITY = YES_AGGRESSIVE;
				CLANG_WARN_UNREACHABLE_CODE = YES;
				CLANG_WARN__DUPLICATE_METHOD_MATCH = YES;
				COPY_PHASE_STRIP = NO;
				DEBUG_INFORMATION_FORMAT = dwarf;
				ENABLE_STRICT_OBJC_MSGSEND = YES;
				ENABLE_TESTABILITY = YES;
				GCC_C_LANGUAGE_STANDARD = gnu11;
				GCC_DYNAMIC_NO_PIC = NO;
				GCC_NO_COMMON_BLOCKS = YES;
				GCC_OPTIMIZATION_LEVEL = 0;
				GCC_PREPROCESSOR_DEFINITIONS = (
					"DEBUG=1",
					"$(inherited)",
				);
				GCC_WARN_64_TO_32_BIT_CONVERSION = YES;
				GCC_WARN_ABOUT_RETURN_TYPE = YES_ERROR;
				GCC_WARN_UNDECLARED_SELECTOR = YES;
				GCC_WARN_UNINITIALIZED_AUTOS = YES_AGGRESSIVE;
				GCC_WARN_UNUSED_FUNCTION = YES;
				GCC_WARN_UNUSED_VARIABLE = YES;
				IPHONEOS_DEPLOYMENT_TARGET = 14.4;
				MTL_ENABLE_DEBUG_INFO = INCLUDE_SOURCE;
				MTL_FAST_MATH = YES;
				ONLY_ACTIVE_ARCH = YES;
				SDKROOT = iphoneos;
				SWIFT_ACTIVE_COMPILATION_CONDITIONS = DEBUG;
				SWIFT_OPTIMIZATION_LEVEL = "-Onone";
			};
			name = Debug;
		};
		3C1CCBD625EAA5580016EF64 /* Release */ = {
			isa = XCBuildConfiguration;
			buildSettings = {
				ALWAYS_SEARCH_USER_PATHS = NO;
				CLANG_ANALYZER_NONNULL = YES;
				CLANG_ANALYZER_NUMBER_OBJECT_CONVERSION = YES_AGGRESSIVE;
				CLANG_CXX_LANGUAGE_STANDARD = "gnu++14";
				CLANG_CXX_LIBRARY = "libc++";
				CLANG_ENABLE_MODULES = YES;
				CLANG_ENABLE_OBJC_ARC = YES;
				CLANG_ENABLE_OBJC_WEAK = YES;
				CLANG_WARN_BLOCK_CAPTURE_AUTORELEASING = YES;
				CLANG_WARN_BOOL_CONVERSION = YES;
				CLANG_WARN_COMMA = YES;
				CLANG_WARN_CONSTANT_CONVERSION = YES;
				CLANG_WARN_DEPRECATED_OBJC_IMPLEMENTATIONS = YES;
				CLANG_WARN_DIRECT_OBJC_ISA_USAGE = YES_ERROR;
				CLANG_WARN_DOCUMENTATION_COMMENTS = YES;
				CLANG_WARN_EMPTY_BODY = YES;
				CLANG_WARN_ENUM_CONVERSION = YES;
				CLANG_WARN_INFINITE_RECURSION = YES;
				CLANG_WARN_INT_CONVERSION = YES;
				CLANG_WARN_NON_LITERAL_NULL_CONVERSION = YES;
				CLANG_WARN_OBJC_IMPLICIT_RETAIN_SELF = YES;
				CLANG_WARN_OBJC_LITERAL_CONVERSION = YES;
				CLANG_WARN_OBJC_ROOT_CLASS = YES_ERROR;
				CLANG_WARN_QUOTED_INCLUDE_IN_FRAMEWORK_HEADER = YES;
				CLANG_WARN_RANGE_LOOP_ANALYSIS = YES;
				CLANG_WARN_STRICT_PROTOTYPES = YES;
				CLANG_WARN_SUSPICIOUS_MOVE = YES;
				CLANG_WARN_UNGUARDED_AVAILABILITY = YES_AGGRESSIVE;
				CLANG_WARN_UNREACHABLE_CODE = YES;
				CLANG_WARN__DUPLICATE_METHOD_MATCH = YES;
				COPY_PHASE_STRIP = NO;
				DEBUG_INFORMATION_FORMAT = "dwarf-with-dsym";
				ENABLE_NS_ASSERTIONS = NO;
				ENABLE_STRICT_OBJC_MSGSEND = YES;
				GCC_C_LANGUAGE_STANDARD = gnu11;
				GCC_NO_COMMON_BLOCKS = YES;
				GCC_WARN_64_TO_32_BIT_CONVERSION = YES;
				GCC_WARN_ABOUT_RETURN_TYPE = YES_ERROR;
				GCC_WARN_UNDECLARED_SELECTOR = YES;
				GCC_WARN_UNINITIALIZED_AUTOS = YES_AGGRESSIVE;
				GCC_WARN_UNUSED_FUNCTION = YES;
				GCC_WARN_UNUSED_VARIABLE = YES;
				IPHONEOS_DEPLOYMENT_TARGET = 14.4;
				MTL_ENABLE_DEBUG_INFO = NO;
				MTL_FAST_MATH = YES;
				SDKROOT = iphoneos;
				SWIFT_COMPILATION_MODE = wholemodule;
				SWIFT_OPTIMIZATION_LEVEL = "-O";
				VALIDATE_PRODUCT = YES;
			};
			name = Release;
		};
		3C1CCBD825EAA5580016EF64 /* Debug */ = {
			isa = XCBuildConfiguration;
			buildSettings = {
				ASSETCATALOG_COMPILER_APPICON_NAME = AppIcon;
				ASSETCATALOG_COMPILER_GLOBAL_ACCENT_COLOR_NAME = AccentColor;
				CODE_SIGN_STYLE = Automatic;
				INFOPLIST_FILE = SpotifyClone/Resources/Info.plist;
				LD_RUNPATH_SEARCH_PATHS = (
					"$(inherited)",
					"@executable_path/Frameworks",
				);
				PRODUCT_BUNDLE_IDENTIFIER = io.hanzaliderdevelopers.SpotifyClone;
				PRODUCT_NAME = "$(TARGET_NAME)";
				SWIFT_VERSION = 5.0;
				TARGETED_DEVICE_FAMILY = 1;
			};
			name = Debug;
		};
		3C1CCBD925EAA5580016EF64 /* Release */ = {
			isa = XCBuildConfiguration;
			buildSettings = {
				ASSETCATALOG_COMPILER_APPICON_NAME = AppIcon;
				ASSETCATALOG_COMPILER_GLOBAL_ACCENT_COLOR_NAME = AccentColor;
				CODE_SIGN_STYLE = Automatic;
				INFOPLIST_FILE = SpotifyClone/Resources/Info.plist;
				LD_RUNPATH_SEARCH_PATHS = (
					"$(inherited)",
					"@executable_path/Frameworks",
				);
				PRODUCT_BUNDLE_IDENTIFIER = io.hanzaliderdevelopers.SpotifyClone;
				PRODUCT_NAME = "$(TARGET_NAME)";
				SWIFT_VERSION = 5.0;
				TARGETED_DEVICE_FAMILY = 1;
			};
			name = Release;
		};
		3C1CCBDB25EAA5580016EF64 /* Debug */ = {
			isa = XCBuildConfiguration;
			buildSettings = {
				ALWAYS_EMBED_SWIFT_STANDARD_LIBRARIES = YES;
				BUNDLE_LOADER = "$(TEST_HOST)";
				CODE_SIGN_STYLE = Automatic;
				INFOPLIST_FILE = SpotifyCloneTests/Info.plist;
				IPHONEOS_DEPLOYMENT_TARGET = 14.4;
				LD_RUNPATH_SEARCH_PATHS = (
					"$(inherited)",
					"@executable_path/Frameworks",
					"@loader_path/Frameworks",
				);
				PRODUCT_BUNDLE_IDENTIFIER = io.hanzaliderdevelopers.SpotifyCloneTests;
				PRODUCT_NAME = "$(TARGET_NAME)";
				SWIFT_VERSION = 5.0;
				TARGETED_DEVICE_FAMILY = "1,2";
				TEST_HOST = "$(BUILT_PRODUCTS_DIR)/SpotifyClone.app/SpotifyClone";
			};
			name = Debug;
		};
		3C1CCBDC25EAA5580016EF64 /* Release */ = {
			isa = XCBuildConfiguration;
			buildSettings = {
				ALWAYS_EMBED_SWIFT_STANDARD_LIBRARIES = YES;
				BUNDLE_LOADER = "$(TEST_HOST)";
				CODE_SIGN_STYLE = Automatic;
				INFOPLIST_FILE = SpotifyCloneTests/Info.plist;
				IPHONEOS_DEPLOYMENT_TARGET = 14.4;
				LD_RUNPATH_SEARCH_PATHS = (
					"$(inherited)",
					"@executable_path/Frameworks",
					"@loader_path/Frameworks",
				);
				PRODUCT_BUNDLE_IDENTIFIER = io.hanzaliderdevelopers.SpotifyCloneTests;
				PRODUCT_NAME = "$(TARGET_NAME)";
				SWIFT_VERSION = 5.0;
				TARGETED_DEVICE_FAMILY = "1,2";
				TEST_HOST = "$(BUILT_PRODUCTS_DIR)/SpotifyClone.app/SpotifyClone";
			};
			name = Release;
		};
		3C1CCBDE25EAA5580016EF64 /* Debug */ = {
			isa = XCBuildConfiguration;
			buildSettings = {
				ALWAYS_EMBED_SWIFT_STANDARD_LIBRARIES = YES;
				CODE_SIGN_STYLE = Automatic;
				INFOPLIST_FILE = SpotifyCloneUITests/Info.plist;
				LD_RUNPATH_SEARCH_PATHS = (
					"$(inherited)",
					"@executable_path/Frameworks",
					"@loader_path/Frameworks",
				);
				PRODUCT_BUNDLE_IDENTIFIER = io.hanzaliderdevelopers.SpotifyCloneUITests;
				PRODUCT_NAME = "$(TARGET_NAME)";
				SWIFT_VERSION = 5.0;
				TARGETED_DEVICE_FAMILY = "1,2";
				TEST_TARGET_NAME = SpotifyClone;
			};
			name = Debug;
		};
		3C1CCBDF25EAA5580016EF64 /* Release */ = {
			isa = XCBuildConfiguration;
			buildSettings = {
				ALWAYS_EMBED_SWIFT_STANDARD_LIBRARIES = YES;
				CODE_SIGN_STYLE = Automatic;
				INFOPLIST_FILE = SpotifyCloneUITests/Info.plist;
				LD_RUNPATH_SEARCH_PATHS = (
					"$(inherited)",
					"@executable_path/Frameworks",
					"@loader_path/Frameworks",
				);
				PRODUCT_BUNDLE_IDENTIFIER = io.hanzaliderdevelopers.SpotifyCloneUITests;
				PRODUCT_NAME = "$(TARGET_NAME)";
				SWIFT_VERSION = 5.0;
				TARGETED_DEVICE_FAMILY = "1,2";
				TEST_TARGET_NAME = SpotifyClone;
			};
			name = Release;
		};
/* End XCBuildConfiguration section */

/* Begin XCConfigurationList section */
		3C1CCBA825EAA5570016EF64 /* Build configuration list for PBXProject "SpotifyClone" */ = {
			isa = XCConfigurationList;
			buildConfigurations = (
				3C1CCBD525EAA5580016EF64 /* Debug */,
				3C1CCBD625EAA5580016EF64 /* Release */,
			);
			defaultConfigurationIsVisible = 0;
			defaultConfigurationName = Release;
		};
		3C1CCBD725EAA5580016EF64 /* Build configuration list for PBXNativeTarget "SpotifyClone" */ = {
			isa = XCConfigurationList;
			buildConfigurations = (
				3C1CCBD825EAA5580016EF64 /* Debug */,
				3C1CCBD925EAA5580016EF64 /* Release */,
			);
			defaultConfigurationIsVisible = 0;
			defaultConfigurationName = Release;
		};
		3C1CCBDA25EAA5580016EF64 /* Build configuration list for PBXNativeTarget "SpotifyCloneTests" */ = {
			isa = XCConfigurationList;
			buildConfigurations = (
				3C1CCBDB25EAA5580016EF64 /* Debug */,
				3C1CCBDC25EAA5580016EF64 /* Release */,
			);
			defaultConfigurationIsVisible = 0;
			defaultConfigurationName = Release;
		};
		3C1CCBDD25EAA5580016EF64 /* Build configuration list for PBXNativeTarget "SpotifyCloneUITests" */ = {
			isa = XCConfigurationList;
			buildConfigurations = (
				3C1CCBDE25EAA5580016EF64 /* Debug */,
				3C1CCBDF25EAA5580016EF64 /* Release */,
			);
			defaultConfigurationIsVisible = 0;
			defaultConfigurationName = Release;
		};
/* End XCConfigurationList section */

/* Begin XCRemoteSwiftPackageReference section */
		3CA9FFCA25EC3AC300264E35 /* XCRemoteSwiftPackageReference "SnapKit" */ = {
			isa = XCRemoteSwiftPackageReference;
			repositoryURL = "https://github.com/SnapKit/SnapKit";
			requirement = {
				kind = upToNextMajorVersion;
				minimumVersion = 5.0.1;
			};
		};
		3CA9FFD025EC3B2600264E35 /* XCRemoteSwiftPackageReference "Kingfisher" */ = {
			isa = XCRemoteSwiftPackageReference;
			repositoryURL = "https://github.com/onevcat/Kingfisher";
			requirement = {
				kind = upToNextMajorVersion;
				minimumVersion = 6.1.1;
			};
		};
/* End XCRemoteSwiftPackageReference section */

/* Begin XCSwiftPackageProductDependency section */
		3CA9FFCB25EC3AC300264E35 /* SnapKit */ = {
			isa = XCSwiftPackageProductDependency;
			package = 3CA9FFCA25EC3AC300264E35 /* XCRemoteSwiftPackageReference "SnapKit" */;
			productName = SnapKit;
		};
		3CA9FFD125EC3B2600264E35 /* Kingfisher */ = {
			isa = XCSwiftPackageProductDependency;
			package = 3CA9FFD025EC3B2600264E35 /* XCRemoteSwiftPackageReference "Kingfisher" */;
			productName = Kingfisher;
		};
/* End XCSwiftPackageProductDependency section */
	};
	rootObject = 3C1CCBA525EAA5570016EF64 /* Project object */;
}
